
Microsoft Visual Studio Solution File, Format Version 11.00
# Visual Studio 2010
Project("{FAE04EC0-301F-11D3-BF4B-00C04F79EFBC}") = "INF_PAPP_ProjetPersonnel3.0_fazzien", "INF_PAPP_ProjetPersonnel3.0_fazzien\INF_PAPP_ProjetPersonnel3.0_fazzien.csproj", "{C17D9C14-AA59-4D78-8CEC-DD513B6D929D}"
EndProject
Global
	GlobalSection(SolutionConfigurationPlatforms) = preSolution
		Debug|x86 = Debug|x86
		Release|x86 = Release|x86
	EndGlobalSection
	GlobalSection(ProjectConfigurationPlatforms) = postSolution
		{C17D9C14-AA59-4D78-8CEC-DD513B6D929D}.Debug|x86.ActiveCfg = Debug|x86
		{C17D9C14-AA59-4D78-8CEC-DD513B6D929D}.Debug|x86.Build.0 = Debug|x86
		{C17D9C14-AA59-4D78-8CEC-DD513B6D929D}.Release|x86.ActiveCfg = Release|x86
		{C17D9C14-AA59-4D78-8CEC-DD513B6D929D}.Release|x86.Build.0 = Release|x86
	EndGlobalSection
	GlobalSection(SolutionProperties) = preSolution
		HideSolutionNode = FALSE
	EndGlobalSection
EndGlobal
